
Microsoft Visual Studio Solution File, Format Version 12.00
# Visual Studio 15
VisualStudioVersion = 15.0.28010.2041
MinimumVisualStudioVersion = 10.0.40219.1
Project("{FAE04EC0-301F-11D3-BF4B-00C04F79EFBC}") = "WindowsFormsApp1", "WindowsFormsApp1\WindowsFormsApp1.csproj", "{E87FD7E7-008C-4726-90C7-6F6376F5C596}"
EndProject
Global
	GlobalSection(SolutionConfigurationPlatforms) = preSolution
		Debug|Any CPU = Debug|Any CPU
		Release|Any CPU = Release|Any CPU
	EndGlobalSection
	GlobalSection(ProjectConfigurationPlatforms) = postSolution
		{E87FD7E7-008C-4726-90C7-6F6376F5C596}.Debug|Any CPU.ActiveCfg = Debug|Any CPU
		{E87FD7E7-008C-4726-90C7-6F6376F5C596}.Debug|Any CPU.Build.0 = Debug|Any CPU
		{E87FD7E7-008C-4726-90C7-6F6376F5C596}.Release|Any CPU.ActiveCfg = Release|Any CPU
		{E87FD7E7-008C-4726-90C7-6F6376F5C596}.Release|Any CPU.Build.0 = Release|Any CPU
	EndGlobalSection
	GlobalSection(SolutionProperties) = preSolution
		HideSolutionNode = FALSE
	EndGlobalSection
	GlobalSection(ExtensibilityGlobals) = postSolution
		SolutionGuid = {52FD23A5-0C71-48A6-B6EC-7232A61B2588}
	EndGlobalSection
EndGlobal
